
Microsoft Visual Studio Solution File, Format Version 12.00
# Visual Studio Version 17
VisualStudioVersion = 17.6.33712.159
MinimumVisualStudioVersion = 10.0.40219.1
Project("{FAE04EC0-301F-11D3-BF4B-00C04F79EFBC}") = "clinicaMedica", "clinicaMedica.csproj", "{C1DBFA76-1F6F-42EE-8103-F20DCEFCFFE3}"
EndProject
Global
	GlobalSection(SolutionConfigurationPlatforms) = preSolution
		Debug|Any CPU = Debug|Any CPU
		Release|Any CPU = Release|Any CPU
	EndGlobalSection
	GlobalSection(ProjectConfigurationPlatforms) = postSolution
		{C1DBFA76-1F6F-42EE-8103-F20DCEFCFFE3}.Debug|Any CPU.ActiveCfg = Debug|Any CPU
		{C1DBFA76-1F6F-42EE-8103-F20DCEFCFFE3}.Debug|Any CPU.Build.0 = Debug|Any CPU
		{C1DBFA76-1F6F-42EE-8103-F20DCEFCFFE3}.Release|Any CPU.ActiveCfg = Release|Any CPU
		{C1DBFA76-1F6F-42EE-8103-F20DCEFCFFE3}.Release|Any CPU.Build.0 = Release|Any CPU
	EndGlobalSection
	GlobalSection(SolutionProperties) = preSolution
		HideSolutionNode = FALSE
	EndGlobalSection
	GlobalSection(ExtensibilityGlobals) = postSolution
		SolutionGuid = {223BA58D-F2DD-4B53-9E0A-4508B5B7BF8A}
	EndGlobalSection
EndGlobal
